
Microsoft Visual Studio Solution File, Format Version 12.00
# Visual Studio Version 17
VisualStudioVersion = 17.13.35931.197 d17.13
MinimumVisualStudioVersion = 10.0.40219.1
Project("{FAE04EC0-301F-11D3-BF4B-00C04F79EFBC}") = "CRM-AGRO", "CRM-AGRO\CRM-AGRO.csproj", "{2A49FA10-C1EB-4910-BCD1-13E58C0EC83B}"
EndProject
Global
	GlobalSection(SolutionConfigurationPlatforms) = preSolution
		Debug|Any CPU = Debug|Any CPU
		Release|Any CPU = Release|Any CPU
	EndGlobalSection
	GlobalSection(ProjectConfigurationPlatforms) = postSolution
		{2A49FA10-C1EB-4910-BCD1-13E58C0EC83B}.Debug|Any CPU.ActiveCfg = Debug|Any CPU
		{2A49FA10-C1EB-4910-BCD1-13E58C0EC83B}.Debug|Any CPU.Build.0 = Debug|Any CPU
		{2A49FA10-C1EB-4910-BCD1-13E58C0EC83B}.Release|Any CPU.ActiveCfg = Release|Any CPU
		{2A49FA10-C1EB-4910-BCD1-13E58C0EC83B}.Release|Any CPU.Build.0 = Release|Any CPU
	EndGlobalSection
	GlobalSection(SolutionProperties) = preSolution
		HideSolutionNode = FALSE
	EndGlobalSection
	GlobalSection(ExtensibilityGlobals) = postSolution
		SolutionGuid = {37FD5E58-DAD5-4BA7-A203-5456E157C920}
	EndGlobalSection
EndGlobal
